// !$*UTF8*$!
{
	archiveVersion = 1;
	classes = {
	};
	objectVersion = 56;
	objects = {

/* Begin PBXBuildFile section */
		AC3B32AF2ADF4284001A42AF /* AppDelegate.swift in Sources */ = {isa = PBXBuildFile; fileRef = AC3B32AE2ADF4284001A42AF /* AppDelegate.swift */; };
		AC3B32B12ADF4284001A42AF /* SceneDelegate.swift in Sources */ = {isa = PBXBuildFile; fileRef = AC3B32B02ADF4284001A42AF /* SceneDelegate.swift */; };
		AC3B32B32ADF4284001A42AF /* ViewController.swift in Sources */ = {isa = PBXBuildFile; fileRef = AC3B32B22ADF4284001A42AF /* ViewController.swift */; };
		AC3B32B62ADF4284001A42AF /* Main.storyboard in Resources */ = {isa = PBXBuildFile; fileRef = AC3B32B42ADF4284001A42AF /* Main.storyboard */; };
		AC3B32B82ADF4286001A42AF /* Assets.xcassets in Resources */ = {isa = PBXBuildFile; fileRef = AC3B32B72ADF4286001A42AF /* Assets.xcassets */; };
		AC3B32BB2ADF4286001A42AF /* LaunchScreen.storyboard in Resources */ = {isa = PBXBuildFile; fileRef = AC3B32B92ADF4286001A42AF /* LaunchScreen.storyboard */; };
		AC3B32C32ADF46B3001A42AF /* Navi.swift in Sources */ = {isa = PBXBuildFile; fileRef = AC3B32C22ADF46B3001A42AF /* Navi.swift */; };
/* End PBXBuildFile section */

/* Begin PBXFileReference section */
		AC3B32AB2ADF4284001A42AF /* VitorMagalhaes_RM84808_Modelo3.app */ = {isa = PBXFileReference; explicitFileType = wrapper.application; includeInIndex = 0; path = VitorMagalhaes_RM84808_Modelo3.app; sourceTree = BUILT_PRODUCTS_DIR; };
		AC3B32AE2ADF4284001A42AF /* AppDelegate.swift */ = {isa = PBXFileReference; lastKnownFileType = sourcecode.swift; path = AppDelegate.swift; sourceTree = "<group>"; };
		AC3B32B02ADF4284001A42AF /* SceneDelegate.swift */ = {isa = PBXFileReference; lastKnownFileType = sourcecode.swift; path = SceneDelegate.swift; sourceTree = "<group>"; };
		AC3B32B22ADF4284001A42AF /* ViewController.swift */ = {isa = PBXFileReference; lastKnownFileType = sourcecode.swift; path = ViewController.swift; sourceTree = "<group>"; };
		AC3B32B52ADF4284001A42AF /* Base */ = {isa = PBXFileReference; lastKnownFileType = file.storyboard; name = Base; path = Base.lproj/Main.storyboard; sourceTree = "<group>"; };
		AC3B32B72ADF4286001A42AF /* Assets.xcassets */ = {isa = PBXFileReference; lastKnownFileType = folder.assetcatalog; path = Assets.xcassets; sourceTree = "<group>"; };
		AC3B32BA2ADF4286001A42AF /* Base */ = {isa = PBXFileReference; lastKnownFileType = file.storyboard; name = Base; path = Base.lproj/LaunchScreen.storyboard; sourceTree = "<group>"; };
		AC3B32BC2ADF4286001A42AF /* Info.plist */ = {isa = PBXFileReference; lastKnownFileType = text.plist.xml; path = Info.plist; sourceTree = "<group>"; };
		AC3B32C22ADF46B3001A42AF /* Navi.swift */ = {isa = PBXFileReference; lastKnownFileType = sourcecode.swift; path = Navi.swift; sourceTree = "<group>"; };
/* End PBXFileReference section */

/* Begin PBXFrameworksBuildPhase section */
		AC3B32A82ADF4284001A42AF /* Frameworks */ = {
			isa = PBXFrameworksBuildPhase;
			buildActionMask = 2147483647;
			files = (
			);
			runOnlyForDeploymentPostprocessing = 0;
		};
/* End PBXFrameworksBuildPhase section */

/* Begin PBXGroup section */
		AC3B32A22ADF4284001A42AF = {
			isa = PBXGroup;
			children = (
				AC3B32AD2ADF4284001A42AF /* VitorMagalhaes_RM84808_Modelo3 */,
				AC3B32AC2ADF4284001A42AF /* Products */,
			);
			sourceTree = "<group>";
		};
		AC3B32AC2ADF4284001A42AF /* Products */ = {
			isa = PBXGroup;
			children = (
				AC3B32AB2ADF4284001A42AF /* VitorMagalhaes_RM84808_Modelo3.app */,
			);
			name = Products;
			sourceTree = "<group>";
		};
		AC3B32AD2ADF4284001A42AF /* VitorMagalhaes_RM84808_Modelo3 */ = {
			isa = PBXGroup;
			children = (
				AC3B32AE2ADF4284001A42AF /* AppDelegate.swift */,
				AC3B32B02ADF4284001A42AF /* SceneDelegate.swift */,
				AC3B32B22ADF4284001A42AF /* ViewController.swift */,
				AC3B32B42ADF4284001A42AF /* Main.storyboard */,
				AC3B32C22ADF46B3001A42AF /* Navi.swift */,
				AC3B32B72ADF4286001A42AF /* Assets.xcassets */,
				AC3B32B92ADF4286001A42AF /* LaunchScreen.storyboard */,
				AC3B32BC2ADF4286001A42AF /* Info.plist */,
			);
			path = VitorMagalhaes_RM84808_Modelo3;
			sourceTree = "<group>";
		};
/* End PBXGroup section */

/* Begin PBXNativeTarget section */
		AC3B32AA2ADF4284001A42AF /* VitorMagalhaes_RM84808_Modelo3 */ = {
			isa = PBXNativeTarget;
			buildConfigurationList = AC3B32BF2ADF4286001A42AF /* Build configuration list for PBXNativeTarget "VitorMagalhaes_RM84808_Modelo3" */;
			buildPhases = (
				AC3B32A72ADF4284001A42AF /* Sources */,
				AC3B32A82ADF4284001A42AF /* Frameworks */,
				AC3B32A92ADF4284001A42AF /* Resources */,
			);
			buildRules = (
			);
			dependencies = (
			);
			name = VitorMagalhaes_RM84808_Modelo3;
			productName = VitorMagalhaes_RM84808_Modelo3;
			productReference = AC3B32AB2ADF4284001A42AF /* VitorMagalhaes_RM84808_Modelo3.app */;
			productType = "com.apple.product-type.application";
		};
/* End PBXNativeTarget section */

/* Begin PBXProject section */
		AC3B32A32ADF4284001A42AF /* Project object */ = {
			isa = PBXProject;
			attributes = {
				BuildIndependentTargetsInParallel = 1;
				LastSwiftUpdateCheck = 1430;
				LastUpgradeCheck = 1430;
				TargetAttributes = {
					AC3B32AA2ADF4284001A42AF = {
						CreatedOnToolsVersion = 14.3.1;
					};
				};
			};
			buildConfigurationList = AC3B32A62ADF4284001A42AF /* Build configuration list for PBXProject "VitorMagalhaes_RM84808_Modelo3" */;
			compatibilityVersion = "Xcode 14.0";
			developmentRegion = en;
			hasScannedForEncodings = 0;
			knownRegions = (
				en,
				Base,
			);
			mainGroup = AC3B32A22ADF4284001A42AF;
			productRefGroup = AC3B32AC2ADF4284001A42AF /* Products */;
			projectDirPath = "";
			projectRoot = "";
			targets = (
				AC3B32AA2ADF4284001A42AF /* VitorMagalhaes_RM84808_Modelo3 */,
			);
		};
/* End PBXProject section */

/* Begin PBXResourcesBuildPhase section */
		AC3B32A92ADF4284001A42AF /* Resources */ = {
			isa = PBXResourcesBuildPhase;
			buildActionMask = 2147483647;
			files = (
				AC3B32BB2ADF4286001A42AF /* LaunchScreen.storyboard in Resources */,
				AC3B32B82ADF4286001A42AF /* Assets.xcassets in Resources */,
				AC3B32B62ADF4284001A42AF /* Main.storyboard in Resources */,
			);
			runOnlyForDeploymentPostprocessing = 0;
		};
/* End PBXResourcesBuildPhase section */

/* Begin PBXSourcesBuildPhase section */
		AC3B32A72ADF4284001A42AF /* Sources */ = {
			isa = PBXSourcesBuildPhase;
			buildActionMask = 2147483647;
			files = (
				AC3B32B32ADF4284001A42AF /* ViewController.swift in Sources */,
				AC3B32AF2ADF4284001A42AF /* AppDelegate.swift in Sources */,
				AC3B32B12ADF4284001A42AF /* SceneDelegate.swift in Sources */,
				AC3B32C32ADF46B3001A42AF /* Navi.swift in Sources */,
			);
			runOnlyForDeploymentPostprocessing = 0;
		};
/* End PBXSourcesBuildPhase section */

/* Begin PBXVariantGroup section */
		AC3B32B42ADF4284001A42AF /* Main.storyboard */ = {
			isa = PBXVariantGroup;
			children = (
				AC3B32B52ADF4284001A42AF /* Base */,
			);
			name = Main.storyboard;
			sourceTree = "<group>";
		};
		AC3B32B92ADF4286001A42AF /* LaunchScreen.storyboard */ = {
			isa = PBXVariantGroup;
			children = (
				AC3B32BA2ADF4286001A42AF /* Base */,
			);
			name = LaunchScreen.storyboard;
			sourceTree = "<group>";
		};
/* End PBXVariantGroup section */

/* Begin XCBuildConfiguration section */
		AC3B32BD2ADF4286001A42AF /* Debug */ = {
			isa = XCBuildConfiguration;
			buildSettings = {
				ALWAYS_SEARCH_USER_PATHS = NO;
				CLANG_ANALYZER_NONNULL = YES;
				CLANG_ANALYZER_NUMBER_OBJECT_CONVERSION = YES_AGGRESSIVE;
				CLANG_CXX_LANGUAGE_STANDARD = "gnu++20";
				CLANG_ENABLE_MODULES = YES;
				CLANG_ENABLE_OBJC_ARC = YES;
				CLANG_ENABLE_OBJC_WEAK = YES;
				CLANG_WARN_BLOCK_CAPTURE_AUTORELEASING = YES;
				CLANG_WARN_BOOL_CONVERSION = YES;
				CLANG_WARN_COMMA = YES;
				CLANG_WARN_CONSTANT_CONVERSION = YES;
				CLANG_WARN_DEPRECATED_OBJC_IMPLEMENTATIONS = YES;
				CLANG_WARN_DIRECT_OBJC_ISA_USAGE = YES_ERROR;
				CLANG_WARN_DOCUMENTATION_COMMENTS = YES;
				CLANG_WARN_EMPTY_BODY = YES;
				CLANG_WARN_ENUM_CONVERSION = YES;
				CLANG_WARN_INFINITE_RECURSION = YES;
				CLANG_WARN_INT_CONVERSION = YES;
				CLANG_WARN_NON_LITERAL_NULL_CONVERSION = YES;
				CLANG_WARN_OBJC_IMPLICIT_RETAIN_SELF = YES;
				CLANG_WARN_OBJC_LITERAL_CONVERSION = YES;
				CLANG_WARN_OBJC_ROOT_CLASS = YES_ERROR;
				CLANG_WARN_QUOTED_INCLUDE_IN_FRAMEWORK_HEADER = YES;
				CLANG_WARN_RANGE_LOOP_ANALYSIS = YES;
				CLANG_WARN_STRICT_PROTOTYPES = YES;
				CLANG_WARN_SUSPICIOUS_MOVE = YES;
				CLANG_WARN_UNGUARDED_AVAILABILITY = YES_AGGRESSIVE;
				CLANG_WARN_UNREACHABLE_CODE = YES;
				CLANG_WARN__DUPLICATE_METHOD_MATCH = YES;
				COPY_PHASE_STRIP = NO;
				DEBUG_INFORMATION_FORMAT = dwarf;
				ENABLE_STRICT_OBJC_MSGSEND = YES;
				ENABLE_TESTABILITY = YES;
				GCC_C_LANGUAGE_STANDARD = gnu11;
				GCC_DYNAMIC_NO_PIC = NO;
				GCC_NO_COMMON_BLOCKS = YES;
				GCC_OPTIMIZATION_LEVEL = 0;
				GCC_PREPROCESSOR_DEFINITIONS = (
					"DEBUG=1",
					"$(inherited)",
				);
				GCC_WARN_64_TO_32_BIT_CONVERSION = YES;
				GCC_WARN_ABOUT_RETURN_TYPE = YES_ERROR;
				GCC_WARN_UNDECLARED_SELECTOR = YES;
				GCC_WARN_UNINITIALIZED_AUTOS = YES_AGGRESSIVE;
				GCC_WARN_UNUSED_FUNCTION = YES;
				GCC_WARN_UNUSED_VARIABLE = YES;
				IPHONEOS_DEPLOYMENT_TARGET = 16.4;
				MTL_ENABLE_DEBUG_INFO = INCLUDE_SOURCE;
				MTL_FAST_MATH = YES;
				ONLY_ACTIVE_ARCH = YES;
				SDKROOT = iphoneos;
				SWIFT_ACTIVE_COMPILATION_CONDITIONS = DEBUG;
				SWIFT_OPTIMIZATION_LEVEL = "-Onone";
			};
			name = Debug;
		};
		AC3B32BE2ADF4286001A42AF /* Release */ = {
			isa = XCBuildConfiguration;
			buildSettings = {
				ALWAYS_SEARCH_USER_PATHS = NO;
				CLANG_ANALYZER_NONNULL = YES;
				CLANG_ANALYZER_NUMBER_OBJECT_CONVERSION = YES_AGGRESSIVE;
				CLANG_CXX_LANGUAGE_STANDARD = "gnu++20";
				CLANG_ENABLE_MODULES = YES;
				CLANG_ENABLE_OBJC_ARC = YES;
				CLANG_ENABLE_OBJC_WEAK = YES;
				CLANG_WARN_BLOCK_CAPTURE_AUTORELEASING = YES;
				CLANG_WARN_BOOL_CONVERSION = YES;
				CLANG_WARN_COMMA = YES;
				CLANG_WARN_CONSTANT_CONVERSION = YES;
				CLANG_WARN_DEPRECATED_OBJC_IMPLEMENTATIONS = YES;
				CLANG_WARN_DIRECT_OBJC_ISA_USAGE = YES_ERROR;
				CLANG_WARN_DOCUMENTATION_COMMENTS = YES;
				CLANG_WARN_EMPTY_BODY = YES;
				CLANG_WARN_ENUM_CONVERSION = YES;
				CLANG_WARN_INFINITE_RECURSION = YES;
				CLANG_WARN_INT_CONVERSION = YES;
				CLANG_WARN_NON_LITERAL_NULL_CONVERSION = YES;
				CLANG_WARN_OBJC_IMPLICIT_RETAIN_SELF = YES;
				CLANG_WARN_OBJC_LITERAL_CONVERSION = YES;
				CLANG_WARN_OBJC_ROOT_CLASS = YES_ERROR;
				CLANG_WARN_QUOTED_INCLUDE_IN_FRAMEWORK_HEADER = YES;
				CLANG_WARN_RANGE_LOOP_ANALYSIS = YES;
				CLANG_WARN_STRICT_PROTOTYPES = YES;
				CLANG_WARN_SUSPICIOUS_MOVE = YES;
				CLANG_WARN_UNGUARDED_AVAILABILITY = YES_AGGRESSIVE;
				CLANG_WARN_UNREACHABLE_CODE = YES;
				CLANG_WARN__DUPLICATE_METHOD_MATCH = YES;
				COPY_PHASE_STRIP = NO;
				DEBUG_INFORMATION_FORMAT = "dwarf-with-dsym";
				ENABLE_NS_ASSERTIONS = NO;
				ENABLE_STRICT_OBJC_MSGSEND = YES;
				GCC_C_LANGUAGE_STANDARD = gnu11;
				GCC_NO_COMMON_BLOCKS = YES;
				GCC_WARN_64_TO_32_BIT_CONVERSION = YES;
				GCC_WARN_ABOUT_RETURN_TYPE = YES_ERROR;
				GCC_WARN_UNDECLARED_SELECTOR = YES;
				GCC_WARN_UNINITIALIZED_AUTOS = YES_AGGRESSIVE;
				GCC_WARN_UNUSED_FUNCTION = YES;
				GCC_WARN_UNUSED_VARIABLE = YES;
				IPHONEOS_DEPLOYMENT_TARGET = 16.4;
				MTL_ENABLE_DEBUG_INFO = NO;
				MTL_FAST_MATH = YES;
				SDKROOT = iphoneos;
				SWIFT_COMPILATION_MODE = wholemodule;
				SWIFT_OPTIMIZATION_LEVEL = "-O";
				VALIDATE_PRODUCT = YES;
			};
			name = Release;
		};
		AC3B32C02ADF4286001A42AF /* Debug */ = {
			isa = XCBuildConfiguration;
			buildSettings = {
				ASSETCATALOG_COMPILER_APPICON_NAME = AppIcon;
				ASSETCATALOG_COMPILER_GLOBAL_ACCENT_COLOR_NAME = AccentColor;
				CODE_SIGN_STYLE = Automatic;
				CURRENT_PROJECT_VERSION = 1;
				GENERATE_INFOPLIST_FILE = YES;
				INFOPLIST_FILE = VitorMagalhaes_RM84808_Modelo3/Info.plist;
				INFOPLIST_KEY_UIApplicationSupportsIndirectInputEvents = YES;
				INFOPLIST_KEY_UILaunchStoryboardName = LaunchScreen;
				INFOPLIST_KEY_UIMainStoryboardFile = Main;
				INFOPLIST_KEY_UISupportedInterfaceOrientations_iPad = "UIInterfaceOrientationPortrait UIInterfaceOrientationPortraitUpsideDown UIInterfaceOrientationLandscapeLeft UIInterfaceOrientationLandscapeRight";
				INFOPLIST_KEY_UISupportedInterfaceOrientations_iPhone = "UIInterfaceOrientationPortrait UIInterfaceOrientationLandscapeLeft UIInterfaceOrientationLandscapeRight";
				LD_RUNPATH_SEARCH_PATHS = (
					"$(inherited)",
					"@executable_path/Frameworks",
				);
				MARKETING_VERSION = 1.0;
				PRODUCT_BUNDLE_IDENTIFIER = "com.vamvieira.VitorMagalhaes-RM84808-Modelo3";
				PRODUCT_NAME = "$(TARGET_NAME)";
				SWIFT_EMIT_LOC_STRINGS = YES;
				SWIFT_VERSION = 5.0;
				TARGETED_DEVICE_FAMILY = "1,2";
			};
			name = Debug;
		};
		AC3B32C12ADF4286001A42AF /* Release */ = {
			isa = XCBuildConfiguration;
			buildSettings = {
				ASSETCATALOG_COMPILER_APPICON_NAME = AppIcon;
				ASSETCATALOG_COMPILER_GLOBAL_ACCENT_COLOR_NAME = AccentColor;
				CODE_SIGN_STYLE = Automatic;
				CURRENT_PROJECT_VERSION = 1;
				GENERATE_INFOPLIST_FILE = YES;
				INFOPLIST_FILE = VitorMagalhaes_RM84808_Modelo3/Info.plist;
				INFOPLIST_KEY_UIApplicationSupportsIndirectInputEvents = YES;
				INFOPLIST_KEY_UILaunchStoryboardName = LaunchScreen;
				INFOPLIST_KEY_UIMainStoryboardFile = Main;
				INFOPLIST_KEY_UISupportedInterfaceOrientations_iPad = "UIInterfaceOrientationPortrait UIInterfaceOrientationPortraitUpsideDown UIInterfaceOrientationLandscapeLeft UIInterfaceOrientationLandscapeRight";
				INFOPLIST_KEY_UISupportedInterfaceOrientations_iPhone = "UIInterfaceOrientationPortrait UIInterfaceOrientationLandscapeLeft UIInterfaceOrientationLandscapeRight";
				LD_RUNPATH_SEARCH_PATHS = (
					"$(inherited)",
					"@executable_path/Frameworks",
				);
				MARKETING_VERSION = 1.0;
				PRODUCT_BUNDLE_IDENTIFIER = "com.vamvieira.VitorMagalhaes-RM84808-Modelo3";
				PRODUCT_NAME = "$(TARGET_NAME)";
				SWIFT_EMIT_LOC_STRINGS = YES;
				SWIFT_VERSION = 5.0;
				TARGETED_DEVICE_FAMILY = "1,2";
			};
			name = Release;
		};
/* End XCBuildConfiguration section */

/* Begin XCConfigurationList section */
		AC3B32A62ADF4284001A42AF /* Build configuration list for PBXProject "VitorMagalhaes_RM84808_Modelo3" */ = {
			isa = XCConfigurationList;
			buildConfigurations = (
				AC3B32BD2ADF4286001A42AF /* Debug */,
				AC3B32BE2ADF4286001A42AF /* Release */,
			);
			defaultConfigurationIsVisible = 0;
			defaultConfigurationName = Release;
		};
		AC3B32BF2ADF4286001A42AF /* Build configuration list for PBXNativeTarget "VitorMagalhaes_RM84808_Modelo3" */ = {
			isa = XCConfigurationList;
			buildConfigurations = (
				AC3B32C02ADF4286001A42AF /* Debug */,
				AC3B32C12ADF4286001A42AF /* Release */,
			);
			defaultConfigurationIsVisible = 0;
			defaultConfigurationName = Release;
		};
/* End XCConfigurationList section */
	};
	rootObject = AC3B32A32ADF4284001A42AF /* Project object */;
}
